
Microsoft Visual Studio Solution File, Format Version 12.00
# Visual Studio Version 17
VisualStudioVersion = 17.12.35527.113
MinimumVisualStudioVersion = 10.0.40219.1
Project("{FAE04EC0-301F-11D3-BF4B-00C04F79EFBC}") = "TingenCommander", "TingenCommander.csproj", "{9F0CE865-009F-4EF1-B53A-200402A51D84}"
EndProject
Project("{FAE04EC0-301F-11D3-BF4B-00C04F79EFBC}") = "TingenLieutenant", "..\..\Tingen-Lieutenant\src\TingenLieutenant.csproj", "{0F9CFC11-7205-4172-AFED-54FE732903C5}"
EndProject
Global
	GlobalSection(SolutionConfigurationPlatforms) = preSolution
		Debug|Any CPU = Debug|Any CPU
		Release|Any CPU = Release|Any CPU
	EndGlobalSection
	GlobalSection(ProjectConfigurationPlatforms) = postSolution
		{9F0CE865-009F-4EF1-B53A-200402A51D84}.Debug|Any CPU.ActiveCfg = Debug|Any CPU
		{9F0CE865-009F-4EF1-B53A-200402A51D84}.Debug|Any CPU.Build.0 = Debug|Any CPU
		{9F0CE865-009F-4EF1-B53A-200402A51D84}.Release|Any CPU.ActiveCfg = Release|Any CPU
		{9F0CE865-009F-4EF1-B53A-200402A51D84}.Release|Any CPU.Build.0 = Release|Any CPU
		{0F9CFC11-7205-4172-AFED-54FE732903C5}.Debug|Any CPU.ActiveCfg = Debug|Any CPU
		{0F9CFC11-7205-4172-AFED-54FE732903C5}.Debug|Any CPU.Build.0 = Debug|Any CPU
		{0F9CFC11-7205-4172-AFED-54FE732903C5}.Release|Any CPU.ActiveCfg = Release|Any CPU
		{0F9CFC11-7205-4172-AFED-54FE732903C5}.Release|Any CPU.Build.0 = Release|Any CPU
	EndGlobalSection
	GlobalSection(SolutionProperties) = preSolution
		HideSolutionNode = FALSE
	EndGlobalSection
EndGlobal
